
Microsoft Visual Studio Solution File, Format Version 12.00
# Visual Studio Version 17
VisualStudioVersion = 17.4.33213.308
MinimumVisualStudioVersion = 10.0.40219.1
Project("{9A19103F-16F7-4668-BE54-9A1E7A4F7556}") = "UPS", "UPS\UPS.csproj", "{32FDF18D-5EFE-4A41-BF2D-A1E3DBCD98ED}"
EndProject
Project("{9A19103F-16F7-4668-BE54-9A1E7A4F7556}") = "Core", "Core\Core.csproj", "{E7BE1058-72B1-45CD-994F-8B684B65005B}"
EndProject
Project("{2150E333-8FDC-42A3-9474-1A3956D46DE8}") = "Tests", "Tests", "{6E253146-DA78-464E-BC36-57A2FD4D4F74}"
EndProject
Project("{FAE04EC0-301F-11D3-BF4B-00C04F79EFBC}") = "IntegrationTests", "Tests\IntegrationTests\IntegrationTests.csproj", "{3BEC9204-2FF8-4B48-8318-0E462D458B1F}"
EndProject
Project("{FAE04EC0-301F-11D3-BF4B-00C04F79EFBC}") = "UnitTests", "Tests\UnitTests\UnitTests.csproj", "{60B950B5-785D-4124-A818-AFB20E526952}"
EndProject
Project("{FAE04EC0-301F-11D3-BF4B-00C04F79EFBC}") = "TestHelpers", "Tests\TestHelpers\TestHelpers.csproj", "{9F96CA33-A4E1-4EFA-A029-5A38103415A7}"
EndProject
Project("{FAE04EC0-301F-11D3-BF4B-00C04F79EFBC}") = "UsersMicro", "UsersMicro\UsersMicro.csproj", "{0A591D56-A461-48CC-B363-C3EE7C89F37D}"
EndProject
Project("{FAE04EC0-301F-11D3-BF4B-00C04F79EFBC}") = "ClientsMicro", "ClientsMicro\ClientsMicro.csproj", "{E9733298-904A-44B2-BE14-0EA317207B1B}"
EndProject
Global
	GlobalSection(SolutionConfigurationPlatforms) = preSolution
		Debug|Any CPU = Debug|Any CPU
		Release|Any CPU = Release|Any CPU
	EndGlobalSection
	GlobalSection(ProjectConfigurationPlatforms) = postSolution
		{32FDF18D-5EFE-4A41-BF2D-A1E3DBCD98ED}.Debug|Any CPU.ActiveCfg = Debug|Any CPU
		{32FDF18D-5EFE-4A41-BF2D-A1E3DBCD98ED}.Debug|Any CPU.Build.0 = Debug|Any CPU
		{32FDF18D-5EFE-4A41-BF2D-A1E3DBCD98ED}.Release|Any CPU.ActiveCfg = Release|Any CPU
		{32FDF18D-5EFE-4A41-BF2D-A1E3DBCD98ED}.Release|Any CPU.Build.0 = Release|Any CPU
		{E7BE1058-72B1-45CD-994F-8B684B65005B}.Debug|Any CPU.ActiveCfg = Debug|Any CPU
		{E7BE1058-72B1-45CD-994F-8B684B65005B}.Debug|Any CPU.Build.0 = Debug|Any CPU
		{E7BE1058-72B1-45CD-994F-8B684B65005B}.Release|Any CPU.ActiveCfg = Release|Any CPU
		{E7BE1058-72B1-45CD-994F-8B684B65005B}.Release|Any CPU.Build.0 = Release|Any CPU
		{3BEC9204-2FF8-4B48-8318-0E462D458B1F}.Debug|Any CPU.ActiveCfg = Debug|Any CPU
		{3BEC9204-2FF8-4B48-8318-0E462D458B1F}.Debug|Any CPU.Build.0 = Debug|Any CPU
		{3BEC9204-2FF8-4B48-8318-0E462D458B1F}.Release|Any CPU.ActiveCfg = Release|Any CPU
		{3BEC9204-2FF8-4B48-8318-0E462D458B1F}.Release|Any CPU.Build.0 = Release|Any CPU
		{60B950B5-785D-4124-A818-AFB20E526952}.Debug|Any CPU.ActiveCfg = Debug|Any CPU
		{60B950B5-785D-4124-A818-AFB20E526952}.Debug|Any CPU.Build.0 = Debug|Any CPU
		{60B950B5-785D-4124-A818-AFB20E526952}.Release|Any CPU.ActiveCfg = Release|Any CPU
		{60B950B5-785D-4124-A818-AFB20E526952}.Release|Any CPU.Build.0 = Release|Any CPU
		{9F96CA33-A4E1-4EFA-A029-5A38103415A7}.Debug|Any CPU.ActiveCfg = Debug|Any CPU
		{9F96CA33-A4E1-4EFA-A029-5A38103415A7}.Debug|Any CPU.Build.0 = Debug|Any CPU
		{9F96CA33-A4E1-4EFA-A029-5A38103415A7}.Release|Any CPU.ActiveCfg = Release|Any CPU
		{9F96CA33-A4E1-4EFA-A029-5A38103415A7}.Release|Any CPU.Build.0 = Release|Any CPU
		{0A591D56-A461-48CC-B363-C3EE7C89F37D}.Debug|Any CPU.ActiveCfg = Debug|Any CPU
		{0A591D56-A461-48CC-B363-C3EE7C89F37D}.Debug|Any CPU.Build.0 = Debug|Any CPU
		{0A591D56-A461-48CC-B363-C3EE7C89F37D}.Release|Any CPU.ActiveCfg = Release|Any CPU
		{0A591D56-A461-48CC-B363-C3EE7C89F37D}.Release|Any CPU.Build.0 = Release|Any CPU
		{E9733298-904A-44B2-BE14-0EA317207B1B}.Debug|Any CPU.ActiveCfg = Debug|Any CPU
		{E9733298-904A-44B2-BE14-0EA317207B1B}.Debug|Any CPU.Build.0 = Debug|Any CPU
		{E9733298-904A-44B2-BE14-0EA317207B1B}.Release|Any CPU.ActiveCfg = Release|Any CPU
		{E9733298-904A-44B2-BE14-0EA317207B1B}.Release|Any CPU.Build.0 = Release|Any CPU
	EndGlobalSection
	GlobalSection(SolutionProperties) = preSolution
		HideSolutionNode = FALSE
	EndGlobalSection
	GlobalSection(ExtensibilityGlobals) = postSolution
		SolutionGuid = {129211A1-49CF-4B48-BADD-D8B3B766C1CE}
	EndGlobalSection
	GlobalSection(NestedProjects) = preSolution
		{3BEC9204-2FF8-4B48-8318-0E462D458B1F} = {6E253146-DA78-464E-BC36-57A2FD4D4F74}
		{60B950B5-785D-4124-A818-AFB20E526952} = {6E253146-DA78-464E-BC36-57A2FD4D4F74}
		{9F96CA33-A4E1-4EFA-A029-5A38103415A7} = {6E253146-DA78-464E-BC36-57A2FD4D4F74}
	EndGlobalSection
EndGlobal
