
Microsoft Visual Studio Solution File, Format Version 12.00
# Visual Studio Version 17
VisualStudioVersion = 17.4.33213.308
MinimumVisualStudioVersion = 10.0.40219.1
Project("{FAE04EC0-301F-11D3-BF4B-00C04F79EFBC}") = "UPS", "UPS.csproj", "{E0DC31CD-A361-41E9-85C4-BE1D395AF38E}"
EndProject
Global
	GlobalSection(SolutionConfigurationPlatforms) = preSolution
		Debug|Any CPU = Debug|Any CPU
		Release|Any CPU = Release|Any CPU
	EndGlobalSection
	GlobalSection(ProjectConfigurationPlatforms) = postSolution
		{E0DC31CD-A361-41E9-85C4-BE1D395AF38E}.Debug|Any CPU.ActiveCfg = Debug|Any CPU
		{E0DC31CD-A361-41E9-85C4-BE1D395AF38E}.Debug|Any CPU.Build.0 = Debug|Any CPU
		{E0DC31CD-A361-41E9-85C4-BE1D395AF38E}.Release|Any CPU.ActiveCfg = Release|Any CPU
		{E0DC31CD-A361-41E9-85C4-BE1D395AF38E}.Release|Any CPU.Build.0 = Release|Any CPU
	EndGlobalSection
	GlobalSection(SolutionProperties) = preSolution
		HideSolutionNode = FALSE
	EndGlobalSection
	GlobalSection(ExtensibilityGlobals) = postSolution
		SolutionGuid = {A4AAED42-68EB-475B-BF10-EA857954ACF6}
	EndGlobalSection
EndGlobal
